// !$*UTF8*$!
{
	archiveVersion = 1;
	classes = {
	};
	objectVersion = 46;
	objects = {

/* Begin PBXBuildFile section */
		48C14A9A1FF25E3D003797FF /* main.m in Sources */ = {isa = PBXBuildFile; fileRef = 48C14A991FF25E3D003797FF /* main.m */; };
		48C14A9D1FF25E3D003797FF /* AppDelegate.m in Sources */ = {isa = PBXBuildFile; fileRef = 48C14A9C1FF25E3D003797FF /* AppDelegate.m */; };
		48C14AA01FF25E3D003797FF /* ViewController.m in Sources */ = {isa = PBXBuildFile; fileRef = 48C14A9F1FF25E3D003797FF /* ViewController.m */; };
		48C14AA31FF25E3D003797FF /* Main.storyboard in Resources */ = {isa = PBXBuildFile; fileRef = 48C14AA11FF25E3D003797FF /* Main.storyboard */; };
		48C14AA51FF25E3D003797FF /* Assets.xcassets in Resources */ = {isa = PBXBuildFile; fileRef = 48C14AA41FF25E3D003797FF /* Assets.xcassets */; };
		48C14AA81FF25E3D003797FF /* LaunchScreen.storyboard in Resources */ = {isa = PBXBuildFile; fileRef = 48C14AA61FF25E3D003797FF /* LaunchScreen.storyboard */; };
		48C14AB11FF26402003797FF /* RuntimeField.m in Sources */ = {isa = PBXBuildFile; fileRef = 48C14AB01FF26402003797FF /* RuntimeField.m */; };
/* End PBXBuildFile section */

/* Begin PBXFileReference section */
		48C14A951FF25E3D003797FF /* RunTimeKVC.app */ = {isa = PBXFileReference; explicitFileType = wrapper.application; includeInIndex = 0; path = RunTimeKVC.app; sourceTree = BUILT_PRODUCTS_DIR; };
		48C14A991FF25E3D003797FF /* main.m */ = {isa = PBXFileReference; lastKnownFileType = sourcecode.c.objc; path = main.m; sourceTree = "<group>"; };
		48C14A9B1FF25E3D003797FF /* AppDelegate.h */ = {isa = PBXFileReference; lastKnownFileType = sourcecode.c.h; path = AppDelegate.h; sourceTree = "<group>"; };
		48C14A9C1FF25E3D003797FF /* AppDelegate.m */ = {isa = PBXFileReference; lastKnownFileType = sourcecode.c.objc; path = AppDelegate.m; sourceTree = "<group>"; };
		48C14A9E1FF25E3D003797FF /* ViewController.h */ = {isa = PBXFileReference; lastKnownFileType = sourcecode.c.h; path = ViewController.h; sourceTree = "<group>"; };
		48C14A9F1FF25E3D003797FF /* ViewController.m */ = {isa = PBXFileReference; lastKnownFileType = sourcecode.c.objc; path = ViewController.m; sourceTree = "<group>"; };
		48C14AA21FF25E3D003797FF /* Base */ = {isa = PBXFileReference; lastKnownFileType = file.storyboard; name = Base; path = Base.lproj/Main.storyboard; sourceTree = "<group>"; };
		48C14AA41FF25E3D003797FF /* Assets.xcassets */ = {isa = PBXFileReference; lastKnownFileType = folder.assetcatalog; path = Assets.xcassets; sourceTree = "<group>"; };
		48C14AA71FF25E3D003797FF /* Base */ = {isa = PBXFileReference; lastKnownFileType = file.storyboard; name = Base; path = Base.lproj/LaunchScreen.storyboard; sourceTree = "<group>"; };
		48C14AA91FF25E3D003797FF /* Info.plist */ = {isa = PBXFileReference; lastKnownFileType = text.plist.xml; path = Info.plist; sourceTree = "<group>"; };
		48C14AAF1FF26402003797FF /* RuntimeField.h */ = {isa = PBXFileReference; fileEncoding = 4; lastKnownFileType = sourcecode.c.h; path = RuntimeField.h; sourceTree = "<group>"; };
		48C14AB01FF26402003797FF /* RuntimeField.m */ = {isa = PBXFileReference; fileEncoding = 4; lastKnownFileType = sourcecode.c.objc; path = RuntimeField.m; sourceTree = "<group>"; };
/* End PBXFileReference section */

/* Begin PBXFrameworksBuildPhase section */
		48C14A921FF25E3D003797FF /* Frameworks */ = {
			isa = PBXFrameworksBuildPhase;
			buildActionMask = 2147483647;
			files = (
			);
			runOnlyForDeploymentPostprocessing = 0;
		};
/* End PBXFrameworksBuildPhase section */

/* Begin PBXGroup section */
		48C14A8C1FF25E3D003797FF = {
			isa = PBXGroup;
			children = (
				48C14A971FF25E3D003797FF /* RunTimeKVC */,
				48C14A961FF25E3D003797FF /* Products */,
			);
			sourceTree = "<group>";
		};
		48C14A961FF25E3D003797FF /* Products */ = {
			isa = PBXGroup;
			children = (
				48C14A951FF25E3D003797FF /* RunTimeKVC.app */,
			);
			name = Products;
			sourceTree = "<group>";
		};
		48C14A971FF25E3D003797FF /* RunTimeKVC */ = {
			isa = PBXGroup;
			children = (
				48C14A9B1FF25E3D003797FF /* AppDelegate.h */,
				48C14A9C1FF25E3D003797FF /* AppDelegate.m */,
				48C14A9E1FF25E3D003797FF /* ViewController.h */,
				48C14A9F1FF25E3D003797FF /* ViewController.m */,
				48C14AAF1FF26402003797FF /* RuntimeField.h */,
				48C14AB01FF26402003797FF /* RuntimeField.m */,
				48C14AA11FF25E3D003797FF /* Main.storyboard */,
				48C14AA41FF25E3D003797FF /* Assets.xcassets */,
				48C14AA61FF25E3D003797FF /* LaunchScreen.storyboard */,
				48C14AA91FF25E3D003797FF /* Info.plist */,
				48C14A981FF25E3D003797FF /* Supporting Files */,
			);
			path = RunTimeKVC;
			sourceTree = "<group>";
		};
		48C14A981FF25E3D003797FF /* Supporting Files */ = {
			isa = PBXGroup;
			children = (
				48C14A991FF25E3D003797FF /* main.m */,
			);
			name = "Supporting Files";
			sourceTree = "<group>";
		};
/* End PBXGroup section */

/* Begin PBXNativeTarget section */
		48C14A941FF25E3D003797FF /* RunTimeKVC */ = {
			isa = PBXNativeTarget;
			buildConfigurationList = 48C14AAC1FF25E3D003797FF /* Build configuration list for PBXNativeTarget "RunTimeKVC" */;
			buildPhases = (
				48C14A911FF25E3D003797FF /* Sources */,
				48C14A921FF25E3D003797FF /* Frameworks */,
				48C14A931FF25E3D003797FF /* Resources */,
			);
			buildRules = (
			);
			dependencies = (
			);
			name = RunTimeKVC;
			productName = RunTimeKVC;
			productReference = 48C14A951FF25E3D003797FF /* RunTimeKVC.app */;
			productType = "com.apple.product-type.application";
		};
/* End PBXNativeTarget section */

/* Begin PBXProject section */
		48C14A8D1FF25E3D003797FF /* Project object */ = {
			isa = PBXProject;
			attributes = {
				LastUpgradeCheck = 0820;
				ORGANIZATIONNAME = LZY;
				TargetAttributes = {
					48C14A941FF25E3D003797FF = {
						CreatedOnToolsVersion = 8.2.1;
						ProvisioningStyle = Automatic;
					};
				};
			};
			buildConfigurationList = 48C14A901FF25E3D003797FF /* Build configuration list for PBXProject "RunTimeKVC" */;
			compatibilityVersion = "Xcode 3.2";
			developmentRegion = English;
			hasScannedForEncodings = 0;
			knownRegions = (
				en,
				Base,
			);
			mainGroup = 48C14A8C1FF25E3D003797FF;
			productRefGroup = 48C14A961FF25E3D003797FF /* Products */;
			projectDirPath = "";
			projectRoot = "";
			targets = (
				48C14A941FF25E3D003797FF /* RunTimeKVC */,
			);
		};
/* End PBXProject section */

/* Begin PBXResourcesBuildPhase section */
		48C14A931FF25E3D003797FF /* Resources */ = {
			isa = PBXResourcesBuildPhase;
			buildActionMask = 2147483647;
			files = (
				48C14AA81FF25E3D003797FF /* LaunchScreen.storyboard in Resources */,
				48C14AA51FF25E3D003797FF /* Assets.xcassets in Resources */,
				48C14AA31FF25E3D003797FF /* Main.storyboard in Resources */,
			);
			runOnlyForDeploymentPostprocessing = 0;
		};
/* End PBXResourcesBuildPhase section */

/* Begin PBXSourcesBuildPhase section */
		48C14A911FF25E3D003797FF /* Sources */ = {
			isa = PBXSourcesBuildPhase;
			buildActionMask = 2147483647;
			files = (
				48C14AA01FF25E3D003797FF /* ViewController.m in Sources */,
				48C14AB11FF26402003797FF /* RuntimeField.m in Sources */,
				48C14A9D1FF25E3D003797FF /* AppDelegate.m in Sources */,
				48C14A9A1FF25E3D003797FF /* main.m in Sources */,
			);
			runOnlyForDeploymentPostprocessing = 0;
		};
/* End PBXSourcesBuildPhase section */

/* Begin PBXVariantGroup section */
		48C14AA11FF25E3D003797FF /* Main.storyboard */ = {
			isa = PBXVariantGroup;
			children = (
				48C14AA21FF25E3D003797FF /* Base */,
			);
			name = Main.storyboard;
			sourceTree = "<group>";
		};
		48C14AA61FF25E3D003797FF /* LaunchScreen.storyboard */ = {
			isa = PBXVariantGroup;
			children = (
				48C14AA71FF25E3D003797FF /* Base */,
			);
			name = LaunchScreen.storyboard;
			sourceTree = "<group>";
		};
/* End PBXVariantGroup section */

/* Begin XCBuildConfiguration section */
		48C14AAA1FF25E3D003797FF /* Debug */ = {
			isa = XCBuildConfiguration;
			buildSettings = {
				ALWAYS_SEARCH_USER_PATHS = NO;
				CLANG_ANALYZER_NONNULL = YES;
				CLANG_CXX_LANGUAGE_STANDARD = "gnu++0x";
				CLANG_CXX_LIBRARY = "libc++";
				CLANG_ENABLE_MODULES = YES;
				CLANG_ENABLE_OBJC_ARC = YES;
				CLANG_WARN_BOOL_CONVERSION = YES;
				CLANG_WARN_CONSTANT_CONVERSION = YES;
				CLANG_WARN_DIRECT_OBJC_ISA_USAGE = YES_ERROR;
				CLANG_WARN_DOCUMENTATION_COMMENTS = YES;
				CLANG_WARN_EMPTY_BODY = YES;
				CLANG_WARN_ENUM_CONVERSION = YES;
				CLANG_WARN_INFINITE_RECURSION = YES;
				CLANG_WARN_INT_CONVERSION = YES;
				CLANG_WARN_OBJC_ROOT_CLASS = YES_ERROR;
				CLANG_WARN_SUSPICIOUS_MOVE = YES;
				CLANG_WARN_UNREACHABLE_CODE = YES;
				CLANG_WARN__DUPLICATE_METHOD_MATCH = YES;
				"CODE_SIGN_IDENTITY[sdk=iphoneos*]" = "iPhone Developer";
				COPY_PHASE_STRIP = NO;
				DEBUG_INFORMATION_FORMAT = dwarf;
				ENABLE_STRICT_OBJC_MSGSEND = YES;
				ENABLE_TESTABILITY = YES;
				GCC_C_LANGUAGE_STANDARD = gnu99;
				GCC_DYNAMIC_NO_PIC = NO;
				GCC_NO_COMMON_BLOCKS = YES;
				GCC_OPTIMIZATION_LEVEL = 0;
				GCC_PREPROCESSOR_DEFINITIONS = (
					"DEBUG=1",
					"$(inherited)",
				);
				GCC_WARN_64_TO_32_BIT_CONVERSION = YES;
				GCC_WARN_ABOUT_RETURN_TYPE = YES_ERROR;
				GCC_WARN_UNDECLARED_SELECTOR = YES;
				GCC_WARN_UNINITIALIZED_AUTOS = YES_AGGRESSIVE;
				GCC_WARN_UNUSED_FUNCTION = YES;
				GCC_WARN_UNUSED_VARIABLE = YES;
				IPHONEOS_DEPLOYMENT_TARGET = 10.2;
				MTL_ENABLE_DEBUG_INFO = YES;
				ONLY_ACTIVE_ARCH = YES;
				SDKROOT = iphoneos;
			};
			name = Debug;
		};
		48C14AAB1FF25E3D003797FF /* Release */ = {
			isa = XCBuildConfiguration;
			buildSettings = {
				ALWAYS_SEARCH_USER_PATHS = NO;
				CLANG_ANALYZER_NONNULL = YES;
				CLANG_CXX_LANGUAGE_STANDARD = "gnu++0x";
				CLANG_CXX_LIBRARY = "libc++";
				CLANG_ENABLE_MODULES = YES;
				CLANG_ENABLE_OBJC_ARC = YES;
				CLANG_WARN_BOOL_CONVERSION = YES;
				CLANG_WARN_CONSTANT_CONVERSION = YES;
				CLANG_WARN_DIRECT_OBJC_ISA_USAGE = YES_ERROR;
				CLANG_WARN_DOCUMENTATION_COMMENTS = YES;
				CLANG_WARN_EMPTY_BODY = YES;
				CLANG_WARN_ENUM_CONVERSION = YES;
				CLANG_WARN_INFINITE_RECURSION = YES;
				CLANG_WARN_INT_CONVERSION = YES;
				CLANG_WARN_OBJC_ROOT_CLASS = YES_ERROR;
				CLANG_WARN_SUSPICIOUS_MOVE = YES;
				CLANG_WARN_UNREACHABLE_CODE = YES;
				CLANG_WARN__DUPLICATE_METHOD_MATCH = YES;
				"CODE_SIGN_IDENTITY[sdk=iphoneos*]" = "iPhone Developer";
				COPY_PHASE_STRIP = NO;
				DEBUG_INFORMATION_FORMAT = "dwarf-with-dsym";
				ENABLE_NS_ASSERTIONS = NO;
				ENABLE_STRICT_OBJC_MSGSEND = YES;
				GCC_C_LANGUAGE_STANDARD = gnu99;
				GCC_NO_COMMON_BLOCKS = YES;
				GCC_WARN_64_TO_32_BIT_CONVERSION = YES;
				GCC_WARN_ABOUT_RETURN_TYPE = YES_ERROR;
				GCC_WARN_UNDECLARED_SELECTOR = YES;
				GCC_WARN_UNINITIALIZED_AUTOS = YES_AGGRESSIVE;
				GCC_WARN_UNUSED_FUNCTION = YES;
				GCC_WARN_UNUSED_VARIABLE = YES;
				IPHONEOS_DEPLOYMENT_TARGET = 10.2;
				MTL_ENABLE_DEBUG_INFO = NO;
				SDKROOT = iphoneos;
				VALIDATE_PRODUCT = YES;
			};
			name = Release;
		};
		48C14AAD1FF25E3D003797FF /* Debug */ = {
			isa = XCBuildConfiguration;
			buildSettings = {
				ASSETCATALOG_COMPILER_APPICON_NAME = AppIcon;
				INFOPLIST_FILE = RunTimeKVC/Info.plist;
				LD_RUNPATH_SEARCH_PATHS = "$(inherited) @executable_path/Frameworks";
				PRODUCT_BUNDLE_IDENTIFIER = LZY.RunTimeKVC;
				PRODUCT_NAME = "$(TARGET_NAME)";
			};
			name = Debug;
		};
		48C14AAE1FF25E3D003797FF /* Release */ = {
			isa = XCBuildConfiguration;
			buildSettings = {
				ASSETCATALOG_COMPILER_APPICON_NAME = AppIcon;
				INFOPLIST_FILE = RunTimeKVC/Info.plist;
				LD_RUNPATH_SEARCH_PATHS = "$(inherited) @executable_path/Frameworks";
				PRODUCT_BUNDLE_IDENTIFIER = LZY.RunTimeKVC;
				PRODUCT_NAME = "$(TARGET_NAME)";
			};
			name = Release;
		};
/* End XCBuildConfiguration section */

/* Begin XCConfigurationList section */
		48C14A901FF25E3D003797FF /* Build configuration list for PBXProject "RunTimeKVC" */ = {
			isa = XCConfigurationList;
			buildConfigurations = (
				48C14AAA1FF25E3D003797FF /* Debug */,
				48C14AAB1FF25E3D003797FF /* Release */,
			);
			defaultConfigurationIsVisible = 0;
			defaultConfigurationName = Release;
		};
		48C14AAC1FF25E3D003797FF /* Build configuration list for PBXNativeTarget "RunTimeKVC" */ = {
			isa = XCConfigurationList;
			buildConfigurations = (
				48C14AAD1FF25E3D003797FF /* Debug */,
				48C14AAE1FF25E3D003797FF /* Release */,
			);
			defaultConfigurationIsVisible = 0;
		};
/* End XCConfigurationList section */
	};
	rootObject = 48C14A8D1FF25E3D003797FF /* Project object */;
}
